
Microsoft Visual Studio Solution File, Format Version 12.00
# Visual Studio Version 17
VisualStudioVersion = 17.14.36511.14
MinimumVisualStudioVersion = 10.0.40219.1
Project("{FAE04EC0-301F-11D3-BF4B-00C04F79EFBC}") = "OrderFlow", "OrderFlow\OrderFlow.csproj", "{0D181AAC-F204-4113-9832-83E435996AD0}"
EndProject
Project("{FAE04EC0-301F-11D3-BF4B-00C04F79EFBC}") = "OrderFlow.Tests", "OrderFlow.Tests\OrderFlow.Tests.csproj", "{009B52E1-EA37-4019-9E1B-76E0035DF94B}"
EndProject
Global
	GlobalSection(SolutionConfigurationPlatforms) = preSolution
		Debug|Any CPU = Debug|Any CPU
		Release|Any CPU = Release|Any CPU
	EndGlobalSection
	GlobalSection(ProjectConfigurationPlatforms) = postSolution
		{0D181AAC-F204-4113-9832-83E435996AD0}.Debug|Any CPU.ActiveCfg = Debug|Any CPU
		{0D181AAC-F204-4113-9832-83E435996AD0}.Debug|Any CPU.Build.0 = Debug|Any CPU
		{0D181AAC-F204-4113-9832-83E435996AD0}.Release|Any CPU.ActiveCfg = Release|Any CPU
		{0D181AAC-F204-4113-9832-83E435996AD0}.Release|Any CPU.Build.0 = Release|Any CPU
		{009B52E1-EA37-4019-9E1B-76E0035DF94B}.Debug|Any CPU.ActiveCfg = Debug|Any CPU
		{009B52E1-EA37-4019-9E1B-76E0035DF94B}.Debug|Any CPU.Build.0 = Debug|Any CPU
		{009B52E1-EA37-4019-9E1B-76E0035DF94B}.Release|Any CPU.ActiveCfg = Release|Any CPU
		{009B52E1-EA37-4019-9E1B-76E0035DF94B}.Release|Any CPU.Build.0 = Release|Any CPU
	EndGlobalSection
	GlobalSection(SolutionProperties) = preSolution
		HideSolutionNode = FALSE
	EndGlobalSection
	GlobalSection(ExtensibilityGlobals) = postSolution
		SolutionGuid = {A37F19F9-2746-4EBB-9A52-8697D5ECEE9E}
	EndGlobalSection
EndGlobal
